gitee.com/jmyok/myopenpak v0.0.0-20250529080526-191906b95a8d h1:Kb9zEENRGy0SMu/Sgu/b3I5c1jsslODfCkgymPLX1U4=
gitee.com/jmyok/myopenpak v0.0.0-20250529080526-191906b95a8d/go.mod h1:P7V0cvfVcPCz2OkjkJt4AEy2PGbEviKDGyipA2UEZns=
golang.org/x/time v0.8.0 h1:9i3RxcPv3PZnitoVGMPDKZSq1xW1gK1Xy3ArNOGZfEg=
golang.org/x/time v0.8.0/go.mod h1:3BpzKBy/shNhVucY/MWOyx10tF3SFh9QdLuxbVysPQM=
